// !$*UTF8*$!
{
	archiveVersion = 1;
	classes = {
	};
	objectVersion = 46;
	objects = {

/* Begin PBXBuildFile section */
		833A9EC71B56F6DB002EEEFB /* InterfaceController.m in Sources */ = {isa = PBXBuildFile; fileRef = 833A9EC61B56F6DB002EEEFB /* InterfaceController.m */; };
		833A9ECA1B56F6DB002EEEFB /* NotificationController.m in Sources */ = {isa = PBXBuildFile; fileRef = 833A9EC91B56F6DB002EEEFB /* NotificationController.m */; };
		833A9ECD1B56F6DB002EEEFB /* GlanceController.m in Sources */ = {isa = PBXBuildFile; fileRef = 833A9ECC1B56F6DB002EEEFB /* GlanceController.m */; };
		833A9ECF1B56F6DB002EEEFB /* Images.xcassets in Resources */ = {isa = PBXBuildFile; fileRef = 833A9ECE1B56F6DB002EEEFB /* Images.xcassets */; };
		833A9ED31B56F6DB002EEEFB /* TemplateApp WatchKit App.app in Resources */ = {isa = PBXBuildFile; fileRef = 833A9ED21B56F6DB002EEEFB /* TemplateApp WatchKit App.app */; };
		833A9EDB1B56F6DB002EEEFB /* Interface.storyboard in Resources */ = {isa = PBXBuildFile; fileRef = 833A9ED91B56F6DB002EEEFB /* Interface.storyboard */; };
		833A9EDD1B56F6DB002EEEFB /* Images.xcassets in Resources */ = {isa = PBXBuildFile; fileRef = 833A9EDC1B56F6DB002EEEFB /* Images.xcassets */; };
/* End PBXBuildFile section */

/* Begin PBXContainerItemProxy section */
		833A9ED41B56F6DB002EEEFB /* PBXContainerItemProxy */ = {
			isa = PBXContainerItemProxy;
			containerPortal = 833A9E8B1B56F6D1002EEEFB /* Project object */;
			proxyType = 1;
			remoteGlobalIDString = 833A9ED11B56F6DB002EEEFB;
			remoteInfo = "TemplateApp64 WatchKit App";
		};
/* End PBXContainerItemProxy section */

/* Begin PBXFileReference section */
		833A9EC01B56F6DB002EEEFB /* TemplateApp WatchKit Extension.appex */ = {isa = PBXFileReference; explicitFileType = "wrapper.app-extension"; includeInIndex = 0; path = "TemplateApp WatchKit Extension.appex"; sourceTree = BUILT_PRODUCTS_DIR; };
		833A9EC31B56F6DB002EEEFB /* Info.plist */ = {isa = PBXFileReference; lastKnownFileType = text.plist.xml; path = Info.plist; sourceTree = "<group>"; };
		833A9EC41B56F6DB002EEEFB /* PushNotificationPayload.apns */ = {isa = PBXFileReference; lastKnownFileType = text; path = PushNotificationPayload.apns; sourceTree = "<group>"; };
		833A9EC51B56F6DB002EEEFB /* InterfaceController.h */ = {isa = PBXFileReference; lastKnownFileType = sourcecode.c.h; path = InterfaceController.h; sourceTree = "<group>"; };
		833A9EC61B56F6DB002EEEFB /* InterfaceController.m */ = {isa = PBXFileReference; lastKnownFileType = sourcecode.c.objc; path = InterfaceController.m; sourceTree = "<group>"; };
		833A9EC81B56F6DB002EEEFB /* NotificationController.h */ = {isa = PBXFileReference; lastKnownFileType = sourcecode.c.h; path = NotificationController.h; sourceTree = "<group>"; };
		833A9EC91B56F6DB002EEEFB /* NotificationController.m */ = {isa = PBXFileReference; lastKnownFileType = sourcecode.c.objc; path = NotificationController.m; sourceTree = "<group>"; };
		833A9ECB1B56F6DB002EEEFB /* GlanceController.h */ = {isa = PBXFileReference; lastKnownFileType = sourcecode.c.h; path = GlanceController.h; sourceTree = "<group>"; };
		833A9ECC1B56F6DB002EEEFB /* GlanceController.m */ = {isa = PBXFileReference; lastKnownFileType = sourcecode.c.objc; path = GlanceController.m; sourceTree = "<group>"; };
		833A9ECE1B56F6DB002EEEFB /* Images.xcassets */ = {isa = PBXFileReference; lastKnownFileType = folder.assetcatalog; path = Images.xcassets; sourceTree = "<group>"; };
		833A9ED21B56F6DB002EEEFB /* TemplateApp WatchKit App.app */ = {isa = PBXFileReference; explicitFileType = wrapper.application; includeInIndex = 0; path = "TemplateApp WatchKit App.app"; sourceTree = BUILT_PRODUCTS_DIR; };
		833A9ED81B56F6DB002EEEFB /* Info.plist */ = {isa = PBXFileReference; lastKnownFileType = text.plist.xml; path = Info.plist; sourceTree = "<group>"; };
		833A9EDA1B56F6DB002EEEFB /* Base */ = {isa = PBXFileReference; lastKnownFileType = file.storyboard; name = Base; path = Base.lproj/Interface.storyboard; sourceTree = "<group>"; };
		833A9EDC1B56F6DB002EEEFB /* Images.xcassets */ = {isa = PBXFileReference; lastKnownFileType = folder.assetcatalog; path = Images.xcassets; sourceTree = "<group>"; };
/* End PBXFileReference section */

/* Begin PBXFrameworksBuildPhase section */
		833A9EBD1B56F6DB002EEEFB /* Frameworks */ = {
			isa = PBXFrameworksBuildPhase;
			buildActionMask = 2147483647;
			files = (
			);
			runOnlyForDeploymentPostprocessing = 0;
		};
/* End PBXFrameworksBuildPhase section */

/* Begin PBXGroup section */
		833A9E8A1B56F6D1002EEEFB = {
			isa = PBXGroup;
			children = (
				833A9EC11B56F6DB002EEEFB /* TemplateApp WatchKit Extension */,
				833A9ED61B56F6DB002EEEFB /* TemplateApp WatchKit App */,
				833A9E941B56F6D1002EEEFB /* Products */,
			);
			sourceTree = "<group>";
		};
		833A9E941B56F6D1002EEEFB /* Products */ = {
			isa = PBXGroup;
			children = (
				833A9EC01B56F6DB002EEEFB /* TemplateApp WatchKit Extension.appex */,
				833A9ED21B56F6DB002EEEFB /* TemplateApp WatchKit App.app */,
			);
			name = Products;
			sourceTree = "<group>";
		};
		833A9EC11B56F6DB002EEEFB /* TemplateApp WatchKit Extension */ = {
			isa = PBXGroup;
			children = (
				833A9EC51B56F6DB002EEEFB /* InterfaceController.h */,
				833A9EC61B56F6DB002EEEFB /* InterfaceController.m */,
				833A9EC81B56F6DB002EEEFB /* NotificationController.h */,
				833A9EC91B56F6DB002EEEFB /* NotificationController.m */,
				833A9ECB1B56F6DB002EEEFB /* GlanceController.h */,
				833A9ECC1B56F6DB002EEEFB /* GlanceController.m */,
				833A9ECE1B56F6DB002EEEFB /* Images.xcassets */,
				833A9EC21B56F6DB002EEEFB /* Supporting Files */,
			);
			name = "TemplateApp WatchKit Extension";
			path = "TemplateApp64 WatchKit Extension";
			sourceTree = "<group>";
		};
		833A9EC21B56F6DB002EEEFB /* Supporting Files */ = {
			isa = PBXGroup;
			children = (
				833A9EC31B56F6DB002EEEFB /* Info.plist */,
				833A9EC41B56F6DB002EEEFB /* PushNotificationPayload.apns */,
			);
			name = "Supporting Files";
			sourceTree = "<group>";
		};
		833A9ED61B56F6DB002EEEFB /* TemplateApp WatchKit App */ = {
			isa = PBXGroup;
			children = (
				833A9ED91B56F6DB002EEEFB /* Interface.storyboard */,
				833A9EDC1B56F6DB002EEEFB /* Images.xcassets */,
				833A9ED71B56F6DB002EEEFB /* Supporting Files */,
			);
			name = "TemplateApp WatchKit App";
			path = "TemplateApp64 WatchKit App";
			sourceTree = "<group>";
		};
		833A9ED71B56F6DB002EEEFB /* Supporting Files */ = {
			isa = PBXGroup;
			children = (
				833A9ED81B56F6DB002EEEFB /* Info.plist */,
			);
			name = "Supporting Files";
			sourceTree = "<group>";
		};
/* End PBXGroup section */

/* Begin PBXNativeTarget section */
		833A9EBF1B56F6DB002EEEFB /* TemplateApp WatchKit Extension */ = {
			isa = PBXNativeTarget;
			buildConfigurationList = 833A9EE41B56F6DB002EEEFB /* Build configuration list for PBXNativeTarget "TemplateApp WatchKit Extension" */;
			buildPhases = (
				833A9EBC1B56F6DB002EEEFB /* Sources */,
				833A9EBD1B56F6DB002EEEFB /* Frameworks */,
				833A9EBE1B56F6DB002EEEFB /* Resources */,
			);
			buildRules = (
			);
			dependencies = (
				833A9ED51B56F6DB002EEEFB /* PBXTargetDependency */,
			);
			name = "TemplateApp WatchKit Extension";
			productName = "TemplateApp64 WatchKit Extension";
			productReference = 833A9EC01B56F6DB002EEEFB /* TemplateApp WatchKit Extension.appex */;
			productType = "com.apple.product-type.watchkit-extension";
		};
		833A9ED11B56F6DB002EEEFB /* TemplateApp WatchKit App */ = {
			isa = PBXNativeTarget;
			buildConfigurationList = 833A9EE11B56F6DB002EEEFB /* Build configuration list for PBXNativeTarget "TemplateApp WatchKit App" */;
			buildPhases = (
				833A9ED01B56F6DB002EEEFB /* Resources */,
			);
			buildRules = (
			);
			dependencies = (
			);
			name = "TemplateApp WatchKit App";
			productName = "TemplateApp64 WatchKit App";
			productReference = 833A9ED21B56F6DB002EEEFB /* TemplateApp WatchKit App.app */;
			productType = "com.apple.product-type.application.watchapp";
		};
/* End PBXNativeTarget section */

/* Begin PBXProject section */
		833A9E8B1B56F6D1002EEEFB /* Project object */ = {
			isa = PBXProject;
			attributes = {
				LastUpgradeCheck = 0640;
				ORGANIZATIONNAME = Appcelerator;
				TargetAttributes = {
					833A9EBF1B56F6DB002EEEFB = {
						CreatedOnToolsVersion = 6.4;
					};
					833A9ED11B56F6DB002EEEFB = {
						CreatedOnToolsVersion = 6.4;
					};
				};
			};
			buildConfigurationList = 833A9E8E1B56F6D1002EEEFB /* Build configuration list for PBXProject "TemplateApp" */;
			compatibilityVersion = "Xcode 3.2";
			developmentRegion = English;
			hasScannedForEncodings = 0;
			knownRegions = (
				en,
				Base,
			);
			mainGroup = 833A9E8A1B56F6D1002EEEFB;
			productRefGroup = 833A9E941B56F6D1002EEEFB /* Products */;
			projectDirPath = "";
			projectRoot = "";
			targets = (
				833A9EBF1B56F6DB002EEEFB /* TemplateApp WatchKit Extension */,
				833A9ED11B56F6DB002EEEFB /* TemplateApp WatchKit App */,
			);
		};
/* End PBXProject section */

/* Begin PBXResourcesBuildPhase section */
		833A9EBE1B56F6DB002EEEFB /* Resources */ = {
			isa = PBXResourcesBuildPhase;
			buildActionMask = 2147483647;
			files = (
				833A9ED31B56F6DB002EEEFB /* TemplateApp WatchKit App.app in Resources */,
				833A9ECF1B56F6DB002EEEFB /* Images.xcassets in Resources */,
			);
			runOnlyForDeploymentPostprocessing = 0;
		};
		833A9ED01B56F6DB002EEEFB /* Resources */ = {
			isa = PBXResourcesBuildPhase;
			buildActionMask = 2147483647;
			files = (
				833A9EDB1B56F6DB002EEEFB /* Interface.storyboard in Resources */,
				833A9EDD1B56F6DB002EEEFB /* Images.xcassets in Resources */,
			);
			runOnlyForDeploymentPostprocessing = 0;
		};
/* End PBXResourcesBuildPhase section */

/* Begin PBXSourcesBuildPhase section */
		833A9EBC1B56F6DB002EEEFB /* Sources */ = {
			isa = PBXSourcesBuildPhase;
			buildActionMask = 2147483647;
			files = (
				833A9ECA1B56F6DB002EEEFB /* NotificationController.m in Sources */,
				833A9EC71B56F6DB002EEEFB /* InterfaceController.m in Sources */,
				833A9ECD1B56F6DB002EEEFB /* GlanceController.m in Sources */,
			);
			runOnlyForDeploymentPostprocessing = 0;
		};
/* End PBXSourcesBuildPhase section */

/* Begin PBXTargetDependency section */
		833A9ED51B56F6DB002EEEFB /* PBXTargetDependency */ = {
			isa = PBXTargetDependency;
			target = 833A9ED11B56F6DB002EEEFB /* TemplateApp WatchKit App */;
			targetProxy = 833A9ED41B56F6DB002EEEFB /* PBXContainerItemProxy */;
		};
/* End PBXTargetDependency section */

/* Begin PBXVariantGroup section */
		833A9ED91B56F6DB002EEEFB /* Interface.storyboard */ = {
			isa = PBXVariantGroup;
			children = (
				833A9EDA1B56F6DB002EEEFB /* Base */,
			);
			name = Interface.storyboard;
			sourceTree = "<group>";
		};
/* End PBXVariantGroup section */

/* Begin XCBuildConfiguration section */
		833A9EB41B56F6D1002EEEFB /* Debug */ = {
			isa = XCBuildConfiguration;
			buildSettings = {
				ALWAYS_SEARCH_USER_PATHS = NO;
				CLANG_CXX_LANGUAGE_STANDARD = "gnu++0x";
				CLANG_CXX_LIBRARY = "libc++";
				CLANG_ENABLE_MODULES = YES;
				CLANG_ENABLE_OBJC_ARC = YES;
				CLANG_WARN_BOOL_CONVERSION = YES;
				CLANG_WARN_CONSTANT_CONVERSION = YES;
				CLANG_WARN_DIRECT_OBJC_ISA_USAGE = YES_ERROR;
				CLANG_WARN_EMPTY_BODY = YES;
				CLANG_WARN_ENUM_CONVERSION = YES;
				CLANG_WARN_INT_CONVERSION = YES;
				CLANG_WARN_OBJC_ROOT_CLASS = YES_ERROR;
				CLANG_WARN_UNREACHABLE_CODE = YES;
				CLANG_WARN__DUPLICATE_METHOD_MATCH = YES;
				"CODE_SIGN_IDENTITY[sdk=iphoneos*]" = "iPhone Developer";
				COPY_PHASE_STRIP = NO;
				DEBUG_INFORMATION_FORMAT = "dwarf-with-dsym";
				ENABLE_STRICT_OBJC_MSGSEND = YES;
				GCC_C_LANGUAGE_STANDARD = gnu99;
				GCC_DYNAMIC_NO_PIC = NO;
				GCC_NO_COMMON_BLOCKS = YES;
				GCC_OPTIMIZATION_LEVEL = 0;
				GCC_PREPROCESSOR_DEFINITIONS = (
					"DEBUG=1",
					"$(inherited)",
				);
				GCC_SYMBOLS_PRIVATE_EXTERN = NO;
				GCC_WARN_64_TO_32_BIT_CONVERSION = YES;
				GCC_WARN_ABOUT_RETURN_TYPE = YES_ERROR;
				GCC_WARN_UNDECLARED_SELECTOR = YES;
				GCC_WARN_UNINITIALIZED_AUTOS = YES_AGGRESSIVE;
				GCC_WARN_UNUSED_FUNCTION = YES;
				GCC_WARN_UNUSED_VARIABLE = YES;
				IPHONEOS_DEPLOYMENT_TARGET = 8.4;
				MTL_ENABLE_DEBUG_INFO = YES;
				ONLY_ACTIVE_ARCH = YES;
				SDKROOT = iphoneos;
				TARGETED_DEVICE_FAMILY = "1,2";
			};
			name = Debug;
		};
		833A9EB51B56F6D1002EEEFB /* Release */ = {
			isa = XCBuildConfiguration;
			buildSettings = {
				ALWAYS_SEARCH_USER_PATHS = NO;
				CLANG_CXX_LANGUAGE_STANDARD = "gnu++0x";
				CLANG_CXX_LIBRARY = "libc++";
				CLANG_ENABLE_MODULES = YES;
				CLANG_ENABLE_OBJC_ARC = YES;
				CLANG_WARN_BOOL_CONVERSION = YES;
				CLANG_WARN_CONSTANT_CONVERSION = YES;
				CLANG_WARN_DIRECT_OBJC_ISA_USAGE = YES_ERROR;
				CLANG_WARN_EMPTY_BODY = YES;
				CLANG_WARN_ENUM_CONVERSION = YES;
				CLANG_WARN_INT_CONVERSION = YES;
				CLANG_WARN_OBJC_ROOT_CLASS = YES_ERROR;
				CLANG_WARN_UNREACHABLE_CODE = YES;
				CLANG_WARN__DUPLICATE_METHOD_MATCH = YES;
				"CODE_SIGN_IDENTITY[sdk=iphoneos*]" = "iPhone Developer";
				COPY_PHASE_STRIP = NO;
				DEBUG_INFORMATION_FORMAT = "dwarf-with-dsym";
				ENABLE_NS_ASSERTIONS = NO;
				ENABLE_STRICT_OBJC_MSGSEND = YES;
				GCC_C_LANGUAGE_STANDARD = gnu99;
				GCC_NO_COMMON_BLOCKS = YES;
				GCC_WARN_64_TO_32_BIT_CONVERSION = YES;
				GCC_WARN_ABOUT_RETURN_TYPE = YES_ERROR;
				GCC_WARN_UNDECLARED_SELECTOR = YES;
				GCC_WARN_UNINITIALIZED_AUTOS = YES_AGGRESSIVE;
				GCC_WARN_UNUSED_FUNCTION = YES;
				GCC_WARN_UNUSED_VARIABLE = YES;
				IPHONEOS_DEPLOYMENT_TARGET = 8.4;
				MTL_ENABLE_DEBUG_INFO = NO;
				SDKROOT = iphoneos;
				TARGETED_DEVICE_FAMILY = "1,2";
				VALIDATE_PRODUCT = YES;
			};
			name = Release;
		};
		833A9EE21B56F6DB002EEEFB /* Debug */ = {
			isa = XCBuildConfiguration;
			buildSettings = {
				ASSETCATALOG_COMPILER_APPICON_NAME = AppIcon;
				GCC_PREPROCESSOR_DEFINITIONS = (
					"DEBUG=1",
					"$(inherited)",
				);
				IBSC_MODULE = TemplateApp64_WatchKit_Extension;
				INFOPLIST_FILE = "TemplateApp64 WatchKit App/Info.plist";
				IPHONEOS_DEPLOYMENT_TARGET = 8.2;
				PRODUCT_NAME = "TemplateApp WatchKit App";
				SKIP_INSTALL = YES;
				TARGETED_DEVICE_FAMILY = 4;
				"TARGETED_DEVICE_FAMILY[sdk=iphonesimulator*]" = "1,4";
			};
			name = Debug;
		};
		833A9EE31B56F6DB002EEEFB /* Release */ = {
			isa = XCBuildConfiguration;
			buildSettings = {
				ASSETCATALOG_COMPILER_APPICON_NAME = AppIcon;
				IBSC_MODULE = TemplateApp64_WatchKit_Extension;
				INFOPLIST_FILE = "TemplateApp64 WatchKit App/Info.plist";
				IPHONEOS_DEPLOYMENT_TARGET = 8.2;
				PRODUCT_NAME = "TemplateApp WatchKit App";
				SKIP_INSTALL = YES;
				TARGETED_DEVICE_FAMILY = 4;
				"TARGETED_DEVICE_FAMILY[sdk=iphonesimulator*]" = "1,4";
			};
			name = Release;
		};
		833A9EE51B56F6DB002EEEFB /* Debug */ = {
			isa = XCBuildConfiguration;
			buildSettings = {
				GCC_PREPROCESSOR_DEFINITIONS = (
					"DEBUG=1",
					"$(inherited)",
				);
				INFOPLIST_FILE = "TemplateApp64 WatchKit Extension/Info.plist";
				LD_RUNPATH_SEARCH_PATHS = "$(inherited) @executable_path/Frameworks @executable_path/../../Frameworks";
				PRODUCT_NAME = "TemplateApp WatchKit Extension";
				SKIP_INSTALL = YES;
			};
			name = Debug;
		};
		833A9EE61B56F6DB002EEEFB /* Release */ = {
			isa = XCBuildConfiguration;
			buildSettings = {
				INFOPLIST_FILE = "TemplateApp64 WatchKit Extension/Info.plist";
				LD_RUNPATH_SEARCH_PATHS = "$(inherited) @executable_path/Frameworks @executable_path/../../Frameworks";
				PRODUCT_NAME = "TemplateApp WatchKit Extension";
				SKIP_INSTALL = YES;
			};
			name = Release;
		};
/* End XCBuildConfiguration section */

/* Begin XCConfigurationList section */
		833A9E8E1B56F6D1002EEEFB /* Build configuration list for PBXProject "TemplateApp" */ = {
			isa = XCConfigurationList;
			buildConfigurations = (
				833A9EB41B56F6D1002EEEFB /* Debug */,
				833A9EB51B56F6D1002EEEFB /* Release */,
			);
			defaultConfigurationIsVisible = 0;
			defaultConfigurationName = Release;
		};
		833A9EE11B56F6DB002EEEFB /* Build configuration list for PBXNativeTarget "TemplateApp WatchKit App" */ = {
			isa = XCConfigurationList;
			buildConfigurations = (
				833A9EE21B56F6DB002EEEFB /* Debug */,
				833A9EE31B56F6DB002EEEFB /* Release */,
			);
			defaultConfigurationIsVisible = 0;
		};
		833A9EE41B56F6DB002EEEFB /* Build configuration list for PBXNativeTarget "TemplateApp WatchKit Extension" */ = {
			isa = XCConfigurationList;
			buildConfigurations = (
				833A9EE51B56F6DB002EEEFB /* Debug */,
				833A9EE61B56F6DB002EEEFB /* Release */,
			);
			defaultConfigurationIsVisible = 0;
		};
/* End XCConfigurationList section */
	};
	rootObject = 833A9E8B1B56F6D1002EEEFB /* Project object */;
}
