{
    "name": "titanium-unit-test-app-resources",
    "version": "1.0.0",
    "lockfileVersion": 1,
    "requires": true,
    "dependencies": {
        "abbrev": {
            "version": "file:fake_node_modules/abbrev",
            "integrity": "sha1-W2A1su6dT7XPhZ8Iqb6BsghJGEM="
        },
        "bar": {
            "version": "file:fake_node_modules/bar",
            "requires": {
                "baz": "2.0.0"
            },
            "dependencies": {
                "baz": {
                    "version": "2.0.0",
                    "bundled": true
                }
            }
        },
        "baz": {
            "version": "file:fake_node_modules/baz"
        },
        "browserify-zlib": {
            "version": "0.2.0",
            "resolved": "https://registry.npmjs.org/browserify-zlib/-/browserify-zlib-0.2.0.tgz",
            "integrity": "sha512-Z942RysHXmJrhqk88FmKBVq/v5tqmSkDz7p54G/MGyjMnCFFnC79XWNbg+Vta8W6Wb2qtSZTSxIGkJrRpCFEiA==",
            "requires": {
                "pako": "~1.0.5"
            }
        },
        "foo": {
            "version": "file:fake_node_modules/foo"
        },
        "pako": {
            "version": "1.0.11",
            "resolved": "https://registry.npmjs.org/pako/-/pako-1.0.11.tgz",
            "integrity": "sha512-4hLB8Py4zZce5s4yd9XzopqwVv/yGNhV1Bl8NTmCq1763HeK2+EwVTv+leGeL13Dnh2wfbqowVPXCIO0z4taYw=="
        },
        "pixelmatch": {
            "version": "5.2.0",
            "resolved": "https://registry.npmjs.org/pixelmatch/-/pixelmatch-5.2.0.tgz",
            "integrity": "sha512-TdleROuanI+Uo/4PcOAH7b7qgO4kjzJO8K4y/TBAo1wx/5BE8cn1B0I6Jfk3mKcJsGpWvX7zjM8OjU5o9i+aog==",
            "requires": {
                "pngjs": "^4.0.1"
            }
        },
        "pngjs": {
            "version": "4.0.1",
            "resolved": "https://registry.npmjs.org/pngjs/-/pngjs-4.0.1.tgz",
            "integrity": "sha512-rf5+2/ioHeQxR6IxuYNYGFytUyG3lma/WW1nsmjeHlWwtb2aByla6dkVc8pmJ9nplzkTA0q2xx7mMWrOTqT4Gg=="
        },
        "should": {
            "version": "13.2.3",
            "resolved": "https://registry.npmjs.org/should/-/should-13.2.3.tgz",
            "integrity": "sha512-ggLesLtu2xp+ZxI+ysJTmNjh2U0TsC+rQ/pfED9bUZZ4DKefP27D+7YJVVTvKsmjLpIi9jAa7itwDGkDDmt1GQ==",
            "requires": {
                "should-equal": "^2.0.0",
                "should-format": "^3.0.3",
                "should-type": "^1.4.0",
                "should-type-adaptors": "^1.0.1",
                "should-util": "^1.0.0"
            }
        },
        "should-equal": {
            "version": "2.0.0",
            "resolved": "https://registry.npmjs.org/should-equal/-/should-equal-2.0.0.tgz",
            "integrity": "sha512-ZP36TMrK9euEuWQYBig9W55WPC7uo37qzAEmbjHz4gfyuXrEUgF8cUvQVO+w+d3OMfPvSRQJ22lSm8MQJ43LTA==",
            "requires": {
                "should-type": "^1.4.0"
            }
        },
        "should-format": {
            "version": "3.0.3",
            "resolved": "https://registry.npmjs.org/should-format/-/should-format-3.0.3.tgz",
            "integrity": "sha1-m/yPdPo5IFxT04w01xcwPidxJPE=",
            "requires": {
                "should-type": "^1.3.0",
                "should-type-adaptors": "^1.0.1"
            }
        },
        "should-type": {
            "version": "1.4.0",
            "resolved": "https://registry.npmjs.org/should-type/-/should-type-1.4.0.tgz",
            "integrity": "sha1-B1bYzoRt/QmEOmlHcZ36DUz/XPM="
        },
        "should-type-adaptors": {
            "version": "1.1.0",
            "resolved": "https://registry.npmjs.org/should-type-adaptors/-/should-type-adaptors-1.1.0.tgz",
            "integrity": "sha512-JA4hdoLnN+kebEp2Vs8eBe9g7uy0zbRo+RMcU0EsNy+R+k049Ki+N5tT5Jagst2g7EAja+euFuoXFCa8vIklfA==",
            "requires": {
                "should-type": "^1.3.0",
                "should-util": "^1.0.0"
            }
        },
        "should-util": {
            "version": "1.0.0",
            "resolved": "https://registry.npmjs.org/should-util/-/should-util-1.0.0.tgz",
            "integrity": "sha1-yYzaN0qmsZDfi6h8mInCtNtiAGM="
        }
    }
}
