
Microsoft Visual Studio Solution File, Format Version 12.00
# Visual Studio 2012
Project("{262852C6-CD72-467D-83FE-5EEB1973A190}") = "<%= projectName %>", "<%= projectName %>\<%= projectName %>.jsproj", "{<%= projectGUID %>}"
EndProject
Global
	GlobalSection(SolutionConfigurationPlatforms) = preSolution
		Debug|Any CPU = Debug|Any CPU
		Debug|ARM = Debug|ARM
		Debug|x64 = Debug|x64
		Debug|x86 = Debug|x86
		Release|Any CPU = Release|Any CPU
		Release|ARM = Release|ARM
		Release|x64 = Release|x64
		Release|x86 = Release|x86
	EndGlobalSection
	GlobalSection(ProjectConfigurationPlatforms) = postSolution
		{<%= projectGUID %>}.Debug|Any CPU.ActiveCfg = Debug|Any CPU
		{<%= projectGUID %>}.Debug|Any CPU.Build.0 = Debug|Any CPU
		{<%= projectGUID %>}.Debug|Any CPU.Deploy.0 = Debug|Any CPU
		{<%= projectGUID %>}.Debug|ARM.ActiveCfg = Debug|ARM
		{<%= projectGUID %>}.Debug|ARM.Build.0 = Debug|ARM
		{<%= projectGUID %>}.Debug|ARM.Deploy.0 = Debug|ARM
		{<%= projectGUID %>}.Debug|x64.ActiveCfg = Debug|x64
		{<%= projectGUID %>}.Debug|x64.Build.0 = Debug|x64
		{<%= projectGUID %>}.Debug|x64.Deploy.0 = Debug|x64
		{<%= projectGUID %>}.Debug|x86.ActiveCfg = Debug|x86
		{<%= projectGUID %>}.Debug|x86.Build.0 = Debug|x86
		{<%= projectGUID %>}.Debug|x86.Deploy.0 = Debug|x86
		{<%= projectGUID %>}.Release|Any CPU.ActiveCfg = Release|Any CPU
		{<%= projectGUID %>}.Release|Any CPU.Build.0 = Release|Any CPU
		{<%= projectGUID %>}.Release|Any CPU.Deploy.0 = Release|Any CPU
		{<%= projectGUID %>}.Release|ARM.ActiveCfg = Release|ARM
		{<%= projectGUID %>}.Release|ARM.Build.0 = Release|ARM
		{<%= projectGUID %>}.Release|ARM.Deploy.0 = Release|ARM
		{<%= projectGUID %>}.Release|x64.ActiveCfg = Release|x64
		{<%= projectGUID %>}.Release|x64.Build.0 = Release|x64
		{<%= projectGUID %>}.Release|x64.Deploy.0 = Release|x64
		{<%= projectGUID %>}.Release|x86.ActiveCfg = Release|x86
		{<%= projectGUID %>}.Release|x86.Build.0 = Release|x86
		{<%= projectGUID %>}.Release|x86.Deploy.0 = Release|x86
	EndGlobalSection
	GlobalSection(SolutionProperties) = preSolution
		HideSolutionNode = FALSE
	EndGlobalSection
EndGlobal
